<?xml version="1.0" encoding="utf-8"?>
<Project ToolsVersion="4.0" xmlns="http://schemas.microsoft.com/developer/msbuild/2003">
  <ItemGroup>
    <Filter Include="Source Files">
      <UniqueIdentifier>{4FC737F1-C7A5-4376-A066-2A32D752A2FF}</UniqueIdentifier>
      <Extensions>cpp;c;cc;cxx;c++;cppm;ixx;def;odl;idl;hpj;bat;asm;asmx</Extensions>
    </Filter>
    <Filter Include="Header Files">
      <UniqueIdentifier>{93995380-89BD-4b04-88EB-625FBE52EBFB}</UniqueIdentifier>
      <Extensions>h;hh;hpp;hxx;h++;hm;inl;inc;ipp;xsd</Extensions>
    </Filter>
    <Filter Include="Resource Files">
      <UniqueIdentifier>{67DA6AB6-F800-4c08-8B7A-83BB121AAD01}</UniqueIdentifier>
      <Extensions>rc;ico;cur;bmp;dlg;rc2;rct;bin;rgs;gif;jpg;jpeg;jpe;resx;tiff;tif;png;wav;mfcribbon-ms</Extensions>
    </Filter>
    <Filter Include="Source Files\Static">
      <UniqueIdentifier>{70ddd7d0-1c38-4708-9646-83123b599505}</UniqueIdentifier>
    </Filter>
  </ItemGroup>
  <ItemGroup>
    <ClInclude Include="framework.h">
      <Filter>Header Files</Filter>
    </ClInclude>
    <ClInclude Include="targetver.h">
      <Filter>Header Files</Filter>
    </ClInclude>
    <ClInclude Include="Resource.h">
      <Filter>Header Files</Filter>
    </ClInclude>
    <ClInclude Include="OptimalMotion3.1.h">
      <Filter>Header Files</Filter>
    </ClInclude>
    <ClInclude Include="include\IMassServiceZone.h">
      <Filter>Header Files</Filter>
    </ClInclude>
    <ClInclude Include="include\CCommonInputData.h">
      <Filter>Header Files</Filter>
    </ClInclude>
    <ClInclude Include="include\CInputTakingOffMoments.h">
      <Filter>Header Files</Filter>
    </ClInclude>
    <ClInclude Include="include\CInterval.h">
      <Filter>Header Files</Filter>
    </ClInclude>
    <ClInclude Include="include\CProgramConstants.h">
      <Filter>Header Files</Filter>
    </ClInclude>
    <ClInclude Include="include\CDataRandomizer.h">
      <Filter>Header Files</Filter>
    </ClInclude>
    <ClInclude Include="include\CIMassServiceZoneExtensions.h">
      <Filter>Header Files</Filter>
    </ClInclude>
    <ClInclude Include="include\CTakingOffAircraftCalculatingIntervals.h">
      <Filter>Header Files</Filter>
    </ClInclude>
    <ClInclude Include="include\CTakingOffAircraftCalculatingMoments.h">
      <Filter>Header Files</Filter>
    </ClInclude>
    <ClInclude Include="include\CTakingOffAircraftCreationIntervals.h">
      <Filter>Header Files</Filter>
    </ClInclude>
    <ClInclude Include="include\CTakingOffAircraftCreationMoments.h">
      <Filter>Header Files</Filter>
    </ClInclude>
    <ClInclude Include="include\CTakingOffAircraft.h">
      <Filter>Header Files</Filter>
    </ClInclude>
    <ClInclude Include="include\CAircraftInputData.h">
      <Filter>Header Files</Filter>
    </ClInclude>
    <ClInclude Include="include\CAircraftInputDataGenerator.h">
      <Filter>Header Files</Filter>
    </ClInclude>
    <ClInclude Include="include\Enums\ENU_AIRCRAFT_PRIORITIES.h">
      <Filter>Header Files</Filter>
    </ClInclude>
    <ClInclude Include="include\CPreliminaryStart.h">
      <Filter>Header Files</Filter>
    </ClInclude>
    <ClInclude Include="include\CRunway.h">
      <Filter>Header Files</Filter>
    </ClInclude>
    <ClInclude Include="include\CSpecialPlace.h">
      <Filter>Header Files</Filter>
    </ClInclude>
    <ClInclude Include="CModel.h">
      <Filter>Header Files</Filter>
    </ClInclude>
  </ItemGroup>
  <ItemGroup>
    <ClCompile Include="OptimalMotion3.1.cpp">
      <Filter>Source Files</Filter>
    </ClCompile>
    <ClCompile Include="src\IMassServiceZone.cpp">
      <Filter>Source Files</Filter>
    </ClCompile>
    <ClCompile Include="src\CInputTakingOffMoments.cpp">
      <Filter>Source Files</Filter>
    </ClCompile>
    <ClCompile Include="src\CCommonInputData.cpp">
      <Filter>Source Files\Static</Filter>
    </ClCompile>
    <ClCompile Include="src\CInterval.cpp">
      <Filter>Source Files</Filter>
    </ClCompile>
    <ClCompile Include="src\CProgramConstants.cpp">
      <Filter>Source Files</Filter>
    </ClCompile>
    <ClCompile Include="src\CDataRandomizer.cpp">
      <Filter>Source Files</Filter>
    </ClCompile>
    <ClCompile Include="src\CIMassServiceZoneExtensions.cpp">
      <Filter>Source Files</Filter>
    </ClCompile>
    <ClCompile Include="src\CTakingOffAircraftCalculatingIntervals.cpp">
      <Filter>Source Files</Filter>
    </ClCompile>
    <ClCompile Include="src\CTakingOffAircraftCalculatingMoments.cpp">
      <Filter>Source Files</Filter>
    </ClCompile>
    <ClCompile Include="src\CTakingOffAircraftCreationIntervals.cpp">
      <Filter>Source Files</Filter>
    </ClCompile>
    <ClCompile Include="src\CTakingOffAircraftCreationMoments.cpp">
      <Filter>Source Files</Filter>
    </ClCompile>
    <ClCompile Include="src\CTakingOffAircraft.cpp">
      <Filter>Source Files</Filter>
    </ClCompile>
    <ClCompile Include="src\CAircraftInputData.cpp">
      <Filter>Source Files</Filter>
    </ClCompile>
    <ClCompile Include="src\CAircraftInputDataGenerator.cpp">
      <Filter>Source Files</Filter>
    </ClCompile>
    <ClCompile Include="src\CPreliminaryStart.cpp">
      <Filter>Source Files</Filter>
    </ClCompile>
    <ClCompile Include="src\CRunway.cpp">
      <Filter>Source Files</Filter>
    </ClCompile>
    <ClCompile Include="src\CSpecialPlace.cpp">
      <Filter>Source Files</Filter>
    </ClCompile>
    <ClCompile Include="CModel.cpp">
      <Filter>Source Files</Filter>
    </ClCompile>
  </ItemGroup>
  <ItemGroup>
    <ResourceCompile Include="OptimalMotion3.1.rc">
      <Filter>Resource Files</Filter>
    </ResourceCompile>
  </ItemGroup>
  <ItemGroup>
    <Image Include="small.ico">
      <Filter>Resource Files</Filter>
    </Image>
    <Image Include="OptimalMotion3.1.ico">
      <Filter>Resource Files</Filter>
    </Image>
  </ItemGroup>
  <ItemGroup>
    <None Include="Text\Notes.md" />
  </ItemGroup>
</Project>